
Microsoft Visual Studio Solution File, Format Version 12.00
# Visual Studio Version 16
VisualStudioVersion = 16.0.31019.35
MinimumVisualStudioVersion = 10.0.40219.1
Project("{2150E333-8FDC-42A3-9474-1A3956D46DE8}") = "src", "src", "{DE4E044F-87DB-4F64-AD53-21BDAFFA7A77}"
EndProject
Project("{2150E333-8FDC-42A3-9474-1A3956D46DE8}") = "test", "test", "{67F5A6F6-C35E-466D-8DFC-00E57406CA32}"
EndProject
Project("{9A19103F-16F7-4668-BE54-9A1E7A4F7556}") = "HikVisionNetSDK", "src\HikVisionNetSDK\HikVisionNetSDK.csproj", "{4B511C6A-425B-4452-A4D3-DD29F9244178}"
EndProject
Project("{FAE04EC0-301F-11D3-BF4B-00C04F79EFBC}") = "HikVisionNetSDKTests", "test\HikVisionNetSDKTests\HikVisionNetSDKTests.csproj", "{0B0B7CD8-6472-4911-B682-E12E667E91AD}"
EndProject
Global
	GlobalSection(SolutionConfigurationPlatforms) = preSolution
		Debug|Any CPU = Debug|Any CPU
		Release|Any CPU = Release|Any CPU
	EndGlobalSection
	GlobalSection(ProjectConfigurationPlatforms) = postSolution
		{4B511C6A-425B-4452-A4D3-DD29F9244178}.Debug|Any CPU.ActiveCfg = Debug|Any CPU
		{4B511C6A-425B-4452-A4D3-DD29F9244178}.Debug|Any CPU.Build.0 = Debug|Any CPU
		{4B511C6A-425B-4452-A4D3-DD29F9244178}.Release|Any CPU.ActiveCfg = Release|Any CPU
		{4B511C6A-425B-4452-A4D3-DD29F9244178}.Release|Any CPU.Build.0 = Release|Any CPU
		{0B0B7CD8-6472-4911-B682-E12E667E91AD}.Debug|Any CPU.ActiveCfg = Debug|Any CPU
		{0B0B7CD8-6472-4911-B682-E12E667E91AD}.Debug|Any CPU.Build.0 = Debug|Any CPU
		{0B0B7CD8-6472-4911-B682-E12E667E91AD}.Release|Any CPU.ActiveCfg = Release|Any CPU
		{0B0B7CD8-6472-4911-B682-E12E667E91AD}.Release|Any CPU.Build.0 = Release|Any CPU
	EndGlobalSection
	GlobalSection(SolutionProperties) = preSolution
		HideSolutionNode = FALSE
	EndGlobalSection
	GlobalSection(NestedProjects) = preSolution
		{4B511C6A-425B-4452-A4D3-DD29F9244178} = {DE4E044F-87DB-4F64-AD53-21BDAFFA7A77}
		{0B0B7CD8-6472-4911-B682-E12E667E91AD} = {67F5A6F6-C35E-466D-8DFC-00E57406CA32}
	EndGlobalSection
	GlobalSection(ExtensibilityGlobals) = postSolution
		SolutionGuid = {CAA765F6-DB39-45A5-8E14-15187FFA34CC}
	EndGlobalSection
EndGlobal
